
Microsoft Visual Studio Solution File, Format Version 12.00
# Visual Studio Express 2013 for Web
VisualStudioVersion = 12.0.21005.1
MinimumVisualStudioVersion = 10.0.40219.1
Project("{FAE04EC0-301F-11D3-BF4B-00C04F79EFBC}") = "EmployeeAPI", "EmployeeAPI\EmployeeAPI.csproj", "{116B8615-5237-4DF5-AE9D-BAF9BAF15768}"
EndProject
Project("{FAE04EC0-301F-11D3-BF4B-00C04F79EFBC}") = "EmployeeAPI.Tests", "EmployeeAPI.Tests\EmployeeAPI.Tests.csproj", "{F197C982-09AE-42C4-BE58-C88B1AB71BCC}"
EndProject
Global
	GlobalSection(SolutionConfigurationPlatforms) = preSolution
		Debug|Any CPU = Debug|Any CPU
		Release|Any CPU = Release|Any CPU
	EndGlobalSection
	GlobalSection(ProjectConfigurationPlatforms) = postSolution
		{116B8615-5237-4DF5-AE9D-BAF9BAF15768}.Debug|Any CPU.ActiveCfg = Debug|Any CPU
		{116B8615-5237-4DF5-AE9D-BAF9BAF15768}.Debug|Any CPU.Build.0 = Debug|Any CPU
		{116B8615-5237-4DF5-AE9D-BAF9BAF15768}.Release|Any CPU.ActiveCfg = Release|Any CPU
		{116B8615-5237-4DF5-AE9D-BAF9BAF15768}.Release|Any CPU.Build.0 = Release|Any CPU
		{F197C982-09AE-42C4-BE58-C88B1AB71BCC}.Debug|Any CPU.ActiveCfg = Debug|Any CPU
		{F197C982-09AE-42C4-BE58-C88B1AB71BCC}.Debug|Any CPU.Build.0 = Debug|Any CPU
		{F197C982-09AE-42C4-BE58-C88B1AB71BCC}.Release|Any CPU.ActiveCfg = Release|Any CPU
		{F197C982-09AE-42C4-BE58-C88B1AB71BCC}.Release|Any CPU.Build.0 = Release|Any CPU
	EndGlobalSection
	GlobalSection(SolutionProperties) = preSolution
		HideSolutionNode = FALSE
	EndGlobalSection
EndGlobal
